
Microsoft Visual Studio Solution File, Format Version 12.00
# Visual Studio Version 16
VisualStudioVersion = 16.0.30907.101
MinimumVisualStudioVersion = 10.0.40219.1
Project("{9A19103F-16F7-4668-BE54-9A1E7A4F7556}") = "DataAccess", "DataAccess\DataAccess.csproj", "{BE44995A-76F6-487B-A32A-07D67AF84E83}"
EndProject
Project("{9A19103F-16F7-4668-BE54-9A1E7A4F7556}") = "Business", "Business\Business.csproj", "{DDD3B23F-8837-4EBA-96F3-9E2F6E38EF03}"
EndProject
Project("{9A19103F-16F7-4668-BE54-9A1E7A4F7556}") = "Entities", "Entities\Entities.csproj", "{40E87B0F-E2E9-4DE1-9E72-C85C564C011A}"
EndProject
Project("{9A19103F-16F7-4668-BE54-9A1E7A4F7556}") = "ConsoleUI", "ConsoleUI\ConsoleUI.csproj", "{549A0EF0-36E0-4B67-A521-68F04B1C18A6}"
EndProject
Project("{FAE04EC0-301F-11D3-BF4B-00C04F79EFBC}") = "Core", "Core\Core.csproj", "{2DAAE970-B794-4FF3-9B51-5AA517704A7E}"
EndProject
Global
	GlobalSection(SolutionConfigurationPlatforms) = preSolution
		Debug|Any CPU = Debug|Any CPU
		Release|Any CPU = Release|Any CPU
	EndGlobalSection
	GlobalSection(ProjectConfigurationPlatforms) = postSolution
		{BE44995A-76F6-487B-A32A-07D67AF84E83}.Debug|Any CPU.ActiveCfg = Debug|Any CPU
		{BE44995A-76F6-487B-A32A-07D67AF84E83}.Debug|Any CPU.Build.0 = Debug|Any CPU
		{BE44995A-76F6-487B-A32A-07D67AF84E83}.Release|Any CPU.ActiveCfg = Release|Any CPU
		{BE44995A-76F6-487B-A32A-07D67AF84E83}.Release|Any CPU.Build.0 = Release|Any CPU
		{DDD3B23F-8837-4EBA-96F3-9E2F6E38EF03}.Debug|Any CPU.ActiveCfg = Debug|Any CPU
		{DDD3B23F-8837-4EBA-96F3-9E2F6E38EF03}.Debug|Any CPU.Build.0 = Debug|Any CPU
		{DDD3B23F-8837-4EBA-96F3-9E2F6E38EF03}.Release|Any CPU.ActiveCfg = Release|Any CPU
		{DDD3B23F-8837-4EBA-96F3-9E2F6E38EF03}.Release|Any CPU.Build.0 = Release|Any CPU
		{40E87B0F-E2E9-4DE1-9E72-C85C564C011A}.Debug|Any CPU.ActiveCfg = Debug|Any CPU
		{40E87B0F-E2E9-4DE1-9E72-C85C564C011A}.Debug|Any CPU.Build.0 = Debug|Any CPU
		{40E87B0F-E2E9-4DE1-9E72-C85C564C011A}.Release|Any CPU.ActiveCfg = Release|Any CPU
		{40E87B0F-E2E9-4DE1-9E72-C85C564C011A}.Release|Any CPU.Build.0 = Release|Any CPU
		{549A0EF0-36E0-4B67-A521-68F04B1C18A6}.Debug|Any CPU.ActiveCfg = Debug|Any CPU
		{549A0EF0-36E0-4B67-A521-68F04B1C18A6}.Debug|Any CPU.Build.0 = Debug|Any CPU
		{549A0EF0-36E0-4B67-A521-68F04B1C18A6}.Release|Any CPU.ActiveCfg = Release|Any CPU
		{549A0EF0-36E0-4B67-A521-68F04B1C18A6}.Release|Any CPU.Build.0 = Release|Any CPU
		{2DAAE970-B794-4FF3-9B51-5AA517704A7E}.Debug|Any CPU.ActiveCfg = Debug|Any CPU
		{2DAAE970-B794-4FF3-9B51-5AA517704A7E}.Debug|Any CPU.Build.0 = Debug|Any CPU
		{2DAAE970-B794-4FF3-9B51-5AA517704A7E}.Release|Any CPU.ActiveCfg = Release|Any CPU
		{2DAAE970-B794-4FF3-9B51-5AA517704A7E}.Release|Any CPU.Build.0 = Release|Any CPU
	EndGlobalSection
	GlobalSection(SolutionProperties) = preSolution
		HideSolutionNode = FALSE
	EndGlobalSection
	GlobalSection(ExtensibilityGlobals) = postSolution
		SolutionGuid = {0CA420F9-C219-4508-B0F4-C29A9A08C3DE}
	EndGlobalSection
EndGlobal
